// !$*UTF8*$!
{
	archiveVersion = 1;
	classes = {
	};
	objectVersion = 48;
	objects = {

/* Begin PBXBuildFile section */
		410BE7071FDFCFCB00B26DF2 /* Settings.storyboard in Resources */ = {isa = PBXBuildFile; fileRef = 410BE7051FDFCFCB00B26DF2 /* Settings.storyboard */; };
		410BE70A1FDFD0A600B26DF2 /* PeerDisplay.storyboard in Resources */ = {isa = PBXBuildFile; fileRef = 410BE7081FDFD0A600B26DF2 /* PeerDisplay.storyboard */; };
		410BE70D1FDFD18800B26DF2 /* Chat.storyboard in Resources */ = {isa = PBXBuildFile; fileRef = 410BE70B1FDFD18800B26DF2 /* Chat.storyboard */; };
		410BE70F1FDFDBDA00B26DF2 /* ConnectivityViewController.swift in Sources */ = {isa = PBXBuildFile; fileRef = 410BE70E1FDFDBDA00B26DF2 /* ConnectivityViewController.swift */; };
		410BE7191FDFF5E300B26DF2 /* Localizable.strings in Resources */ = {isa = PBXBuildFile; fileRef = 410BE71B1FDFF5E300B26DF2 /* Localizable.strings */; };
		41667A1E1FDD8201004A0E99 /* UserProfile.swift in Sources */ = {isa = PBXBuildFile; fileRef = 41667A1D1FDD8201004A0E99 /* UserProfile.swift */; };
		41792C8B1FDD60A200B5F83E /* AppDelegate.swift in Sources */ = {isa = PBXBuildFile; fileRef = 41792C8A1FDD60A200B5F83E /* AppDelegate.swift */; };
		41792C8D1FDD60A200B5F83E /* ViewController.swift in Sources */ = {isa = PBXBuildFile; fileRef = 41792C8C1FDD60A200B5F83E /* ViewController.swift */; };
		41792C901FDD60A200B5F83E /* Main.storyboard in Resources */ = {isa = PBXBuildFile; fileRef = 41792C8E1FDD60A200B5F83E /* Main.storyboard */; };
		41792C921FDD60A200B5F83E /* Assets.xcassets in Resources */ = {isa = PBXBuildFile; fileRef = 41792C911FDD60A200B5F83E /* Assets.xcassets */; };
		41792C951FDD60A200B5F83E /* LaunchScreen.storyboard in Resources */ = {isa = PBXBuildFile; fileRef = 41792C931FDD60A200B5F83E /* LaunchScreen.storyboard */; };
		41792CA01FDD60A200B5F83E /* AppTests.swift in Sources */ = {isa = PBXBuildFile; fileRef = 41792C9F1FDD60A200B5F83E /* AppTests.swift */; };
		41792CAB1FDD60A300B5F83E /* AppUITests.swift in Sources */ = {isa = PBXBuildFile; fileRef = 41792CAA1FDD60A300B5F83E /* AppUITests.swift */; };
		41792CE01FDD632800B5F83E /* ConnectivityServices.framework in Frameworks */ = {isa = PBXBuildFile; fileRef = 41792CDF1FDD632800B5F83E /* ConnectivityServices.framework */; };
		41792CE11FDD632800B5F83E /* ConnectivityServices.framework in Embed Frameworks */ = {isa = PBXBuildFile; fileRef = 41792CDF1FDD632800B5F83E /* ConnectivityServices.framework */; settings = {ATTRIBUTES = (CodeSignOnCopy, RemoveHeadersOnCopy, ); }; };
		ED27DA3F1FDFD7E5008830A5 /* RoundImgViewSettings.swift in Sources */ = {isa = PBXBuildFile; fileRef = ED27DA3E1FDFD7E5008830A5 /* RoundImgViewSettings.swift */; };
		F95E9EC31FDEA210008020C3 /* SettingsViewController.swift in Sources */ = {isa = PBXBuildFile; fileRef = F95E9EC01FDEA210008020C3 /* SettingsViewController.swift */; };
		F95E9EC41FDEA210008020C3 /* ListViewController.swift in Sources */ = {isa = PBXBuildFile; fileRef = F95E9EC11FDEA210008020C3 /* ListViewController.swift */; };
		F95E9EC51FDEA210008020C3 /* MapViewController.swift in Sources */ = {isa = PBXBuildFile; fileRef = F95E9EC21FDEA210008020C3 /* MapViewController.swift */; };
		F95E9EC71FDEA767008020C3 /* TableViewController.swift in Sources */ = {isa = PBXBuildFile; fileRef = F95E9EC61FDEA767008020C3 /* TableViewController.swift */; };
/* End PBXBuildFile section */

/* Begin PBXContainerItemProxy section */
		41792C9C1FDD60A200B5F83E /* PBXContainerItemProxy */ = {
			isa = PBXContainerItemProxy;
			containerPortal = 41792C7F1FDD60A200B5F83E /* Project object */;
			proxyType = 1;
			remoteGlobalIDString = 41792C861FDD60A200B5F83E;
			remoteInfo = App;
		};
		41792CA71FDD60A300B5F83E /* PBXContainerItemProxy */ = {
			isa = PBXContainerItemProxy;
			containerPortal = 41792C7F1FDD60A200B5F83E /* Project object */;
			proxyType = 1;
			remoteGlobalIDString = 41792C861FDD60A200B5F83E;
			remoteInfo = App;
		};
/* End PBXContainerItemProxy section */

/* Begin PBXCopyFilesBuildPhase section */
		41792CE21FDD632800B5F83E /* Embed Frameworks */ = {
			isa = PBXCopyFilesBuildPhase;
			buildActionMask = 2147483647;
			dstPath = "";
			dstSubfolderSpec = 10;
			files = (
				41792CE11FDD632800B5F83E /* ConnectivityServices.framework in Embed Frameworks */,
			);
			name = "Embed Frameworks";
			runOnlyForDeploymentPostprocessing = 0;
		};
/* End PBXCopyFilesBuildPhase section */

/* Begin PBXFileReference section */
		410BE7061FDFCFCB00B26DF2 /* Base */ = {isa = PBXFileReference; lastKnownFileType = file.storyboard; name = Base; path = Base.lproj/Settings.storyboard; sourceTree = "<group>"; };
		410BE7091FDFD0A600B26DF2 /* Base */ = {isa = PBXFileReference; lastKnownFileType = file.storyboard; name = Base; path = Base.lproj/PeerDisplay.storyboard; sourceTree = "<group>"; };
		410BE70C1FDFD18800B26DF2 /* Base */ = {isa = PBXFileReference; lastKnownFileType = file.storyboard; name = Base; path = Base.lproj/Chat.storyboard; sourceTree = "<group>"; };
		410BE70E1FDFDBDA00B26DF2 /* ConnectivityViewController.swift */ = {isa = PBXFileReference; lastKnownFileType = sourcecode.swift; path = ConnectivityViewController.swift; sourceTree = "<group>"; };
		410BE7141FDFF5D500B26DF2 /* it */ = {isa = PBXFileReference; lastKnownFileType = text.plist.strings; name = it; path = it.lproj/Chat.strings; sourceTree = "<group>"; };
		410BE7151FDFF5D500B26DF2 /* it */ = {isa = PBXFileReference; lastKnownFileType = text.plist.strings; name = it; path = it.lproj/PeerDisplay.strings; sourceTree = "<group>"; };
		410BE7161FDFF5D500B26DF2 /* it */ = {isa = PBXFileReference; lastKnownFileType = text.plist.strings; name = it; path = it.lproj/Settings.strings; sourceTree = "<group>"; };
		410BE7171FDFF5D500B26DF2 /* it */ = {isa = PBXFileReference; lastKnownFileType = text.plist.strings; name = it; path = it.lproj/Main.strings; sourceTree = "<group>"; };
		410BE7181FDFF5D500B26DF2 /* it */ = {isa = PBXFileReference; lastKnownFileType = text.plist.strings; name = it; path = it.lproj/LaunchScreen.strings; sourceTree = "<group>"; };
		410BE71A1FDFF5E300B26DF2 /* en */ = {isa = PBXFileReference; lastKnownFileType = text.plist.strings; name = en; path = en.lproj/Localizable.strings; sourceTree = "<group>"; };
		410BE71C1FDFF5E700B26DF2 /* it */ = {isa = PBXFileReference; lastKnownFileType = text.plist.strings; name = it; path = it.lproj/Localizable.strings; sourceTree = "<group>"; };
		41667A1D1FDD8201004A0E99 /* UserProfile.swift */ = {isa = PBXFileReference; lastKnownFileType = sourcecode.swift; path = UserProfile.swift; sourceTree = "<group>"; };
		41792C871FDD60A200B5F83E /* App.app */ = {isa = PBXFileReference; explicitFileType = wrapper.application; includeInIndex = 0; path = App.app; sourceTree = BUILT_PRODUCTS_DIR; };
		41792C8A1FDD60A200B5F83E /* AppDelegate.swift */ = {isa = PBXFileReference; lastKnownFileType = sourcecode.swift; path = AppDelegate.swift; sourceTree = "<group>"; };
		41792C8C1FDD60A200B5F83E /* ViewController.swift */ = {isa = PBXFileReference; lastKnownFileType = sourcecode.swift; path = ViewController.swift; sourceTree = "<group>"; };
		41792C8F1FDD60A200B5F83E /* Base */ = {isa = PBXFileReference; lastKnownFileType = file.storyboard; name = Base; path = Base.lproj/Main.storyboard; sourceTree = "<group>"; };
		41792C911FDD60A200B5F83E /* Assets.xcassets */ = {isa = PBXFileReference; lastKnownFileType = folder.assetcatalog; path = Assets.xcassets; sourceTree = "<group>"; };
		41792C941FDD60A200B5F83E /* Base */ = {isa = PBXFileReference; lastKnownFileType = file.storyboard; name = Base; path = Base.lproj/LaunchScreen.storyboard; sourceTree = "<group>"; };
		41792C961FDD60A200B5F83E /* Info.plist */ = {isa = PBXFileReference; lastKnownFileType = text.plist.xml; path = Info.plist; sourceTree = "<group>"; };
		41792C9B1FDD60A200B5F83E /* AppTests.xctest */ = {isa = PBXFileReference; explicitFileType = wrapper.cfbundle; includeInIndex = 0; path = AppTests.xctest; sourceTree = BUILT_PRODUCTS_DIR; };
		41792C9F1FDD60A200B5F83E /* AppTests.swift */ = {isa = PBXFileReference; lastKnownFileType = sourcecode.swift; path = AppTests.swift; sourceTree = "<group>"; };
		41792CA11FDD60A200B5F83E /* Info.plist */ = {isa = PBXFileReference; lastKnownFileType = text.plist.xml; path = Info.plist; sourceTree = "<group>"; };
		41792CA61FDD60A300B5F83E /* AppUITests.xctest */ = {isa = PBXFileReference; explicitFileType = wrapper.cfbundle; includeInIndex = 0; path = AppUITests.xctest; sourceTree = BUILT_PRODUCTS_DIR; };
		41792CAA1FDD60A300B5F83E /* AppUITests.swift */ = {isa = PBXFileReference; lastKnownFileType = sourcecode.swift; path = AppUITests.swift; sourceTree = "<group>"; };
		41792CAC1FDD60A300B5F83E /* Info.plist */ = {isa = PBXFileReference; lastKnownFileType = text.plist.xml; path = Info.plist; sourceTree = "<group>"; };
		41792CDF1FDD632800B5F83E /* ConnectivityServices.framework */ = {isa = PBXFileReference; explicitFileType = wrapper.framework; path = ConnectivityServices.framework; sourceTree = BUILT_PRODUCTS_DIR; };
		ED27DA3E1FDFD7E5008830A5 /* RoundImgViewSettings.swift */ = {isa = PBXFileReference; lastKnownFileType = sourcecode.swift; name = RoundImgViewSettings.swift; path = app/View/Sources/RoundImgViewSettings.swift; sourceTree = SOURCE_ROOT; };
		F95E9EC01FDEA210008020C3 /* SettingsViewController.swift */ = {isa = PBXFileReference; fileEncoding = 4; lastKnownFileType = sourcecode.swift; path = SettingsViewController.swift; sourceTree = "<group>"; };
		F95E9EC11FDEA210008020C3 /* ListViewController.swift */ = {isa = PBXFileReference; fileEncoding = 4; lastKnownFileType = sourcecode.swift; path = ListViewController.swift; sourceTree = "<group>"; };
		F95E9EC21FDEA210008020C3 /* MapViewController.swift */ = {isa = PBXFileReference; fileEncoding = 4; lastKnownFileType = sourcecode.swift; path = MapViewController.swift; sourceTree = "<group>"; };
		F95E9EC61FDEA767008020C3 /* TableViewController.swift */ = {isa = PBXFileReference; lastKnownFileType = sourcecode.swift; name = TableViewController.swift; path = app/Controller/TableViewController.swift; sourceTree = SOURCE_ROOT; };
/* End PBXFileReference section */

/* Begin PBXFrameworksBuildPhase section */
		41792C841FDD60A200B5F83E /* Frameworks */ = {
			isa = PBXFrameworksBuildPhase;
			buildActionMask = 2147483647;
			files = (
				41792CE01FDD632800B5F83E /* ConnectivityServices.framework in Frameworks */,
			);
			runOnlyForDeploymentPostprocessing = 0;
		};
		41792C981FDD60A200B5F83E /* Frameworks */ = {
			isa = PBXFrameworksBuildPhase;
			buildActionMask = 2147483647;
			files = (
			);
			runOnlyForDeploymentPostprocessing = 0;
		};
		41792CA31FDD60A300B5F83E /* Frameworks */ = {
			isa = PBXFrameworksBuildPhase;
			buildActionMask = 2147483647;
			files = (
			);
			runOnlyForDeploymentPostprocessing = 0;
		};
/* End PBXFrameworksBuildPhase section */

/* Begin PBXGroup section */
		414512C41FDFCBF1001864BB /* Storyboards */ = {
			isa = PBXGroup;
			children = (
				410BE70B1FDFD18800B26DF2 /* Chat.storyboard */,
				410BE7081FDFD0A600B26DF2 /* PeerDisplay.storyboard */,
				410BE7051FDFCFCB00B26DF2 /* Settings.storyboard */,
				41792C8E1FDD60A200B5F83E /* Main.storyboard */,
				41792C931FDD60A200B5F83E /* LaunchScreen.storyboard */,
			);
			path = Storyboards;
			sourceTree = "<group>";
		};
		414512C51FDFCC0A001864BB /* Sources */ = {
			isa = PBXGroup;
			children = (
				ED27DA3E1FDFD7E5008830A5 /* RoundImgViewSettings.swift */,
			);
			path = Sources;
			sourceTree = "<group>";
		};
		41792C7E1FDD60A200B5F83E = {
			isa = PBXGroup;
			children = (
				41792CDF1FDD632800B5F83E /* ConnectivityServices.framework */,
				41792C891FDD60A200B5F83E /* App */,
				41792C9E1FDD60A200B5F83E /* AppTests */,
				41792CA91FDD60A300B5F83E /* AppUITests */,
				41792C881FDD60A200B5F83E /* Products */,
			);
			sourceTree = "<group>";
		};
		41792C881FDD60A200B5F83E /* Products */ = {
			isa = PBXGroup;
			children = (
				41792C871FDD60A200B5F83E /* App.app */,
				41792C9B1FDD60A200B5F83E /* AppTests.xctest */,
				41792CA61FDD60A300B5F83E /* AppUITests.xctest */,
			);
			name = Products;
			sourceTree = "<group>";
		};
		41792C891FDD60A200B5F83E /* App */ = {
			isa = PBXGroup;
			children = (
				41792CB81FDD60DF00B5F83E /* Model */,
				41792CB91FDD60E800B5F83E /* View */,
				41792CBA1FDD60EC00B5F83E /* Controller */,
				41792C911FDD60A200B5F83E /* Assets.xcassets */,
				41792C961FDD60A200B5F83E /* Info.plist */,
			);
			path = App;
			sourceTree = "<group>";
		};
		41792C9E1FDD60A200B5F83E /* AppTests */ = {
			isa = PBXGroup;
			children = (
				41792C9F1FDD60A200B5F83E /* AppTests.swift */,
				41792CA11FDD60A200B5F83E /* Info.plist */,
			);
			path = AppTests;
			sourceTree = "<group>";
		};
		41792CA91FDD60A300B5F83E /* AppUITests */ = {
			isa = PBXGroup;
			children = (
				41792CAA1FDD60A300B5F83E /* AppUITests.swift */,
				41792CAC1FDD60A300B5F83E /* Info.plist */,
			);
			path = AppUITests;
			sourceTree = "<group>";
		};
		41792CB81FDD60DF00B5F83E /* Model */ = {
			isa = PBXGroup;
			children = (
				41667A1D1FDD8201004A0E99 /* UserProfile.swift */,
			);
			path = Model;
			sourceTree = "<group>";
		};
		41792CB91FDD60E800B5F83E /* View */ = {
			isa = PBXGroup;
			children = (
				414512C51FDFCC0A001864BB /* Sources */,
				414512C41FDFCBF1001864BB /* Storyboards */,
			);
			path = View;
			sourceTree = "<group>";
		};
		41792CBA1FDD60EC00B5F83E /* Controller */ = {
			isa = PBXGroup;
			children = (
				F95E9EC21FDEA210008020C3 /* MapViewController.swift */,
				F95E9EC11FDEA210008020C3 /* ListViewController.swift */,
				F95E9EC01FDEA210008020C3 /* SettingsViewController.swift */,
				410BE71B1FDFF5E300B26DF2 /* Localizable.strings */,
				F95E9EC61FDEA767008020C3 /* TableViewController.swift */,
				41792C8A1FDD60A200B5F83E /* AppDelegate.swift */,
				41792C8C1FDD60A200B5F83E /* ViewController.swift */,
				410BE70E1FDFDBDA00B26DF2 /* ConnectivityViewController.swift */,
			);
			path = Controller;
			sourceTree = "<group>";
		};
/* End PBXGroup section */

/* Begin PBXNativeTarget section */
		41792C861FDD60A200B5F83E /* App */ = {
			isa = PBXNativeTarget;
			buildConfigurationList = 41792CAF1FDD60A300B5F83E /* Build configuration list for PBXNativeTarget "App" */;
			buildPhases = (
				41792C831FDD60A200B5F83E /* Sources */,
				41792C841FDD60A200B5F83E /* Frameworks */,
				41792C851FDD60A200B5F83E /* Resources */,
				41792CE21FDD632800B5F83E /* Embed Frameworks */,
			);
			buildRules = (
			);
			dependencies = (
			);
			name = App;
			productName = App;
			productReference = 41792C871FDD60A200B5F83E /* App.app */;
			productType = "com.apple.product-type.application";
		};
		41792C9A1FDD60A200B5F83E /* AppTests */ = {
			isa = PBXNativeTarget;
			buildConfigurationList = 41792CB21FDD60A300B5F83E /* Build configuration list for PBXNativeTarget "AppTests" */;
			buildPhases = (
				41792C971FDD60A200B5F83E /* Sources */,
				41792C981FDD60A200B5F83E /* Frameworks */,
				41792C991FDD60A200B5F83E /* Resources */,
			);
			buildRules = (
			);
			dependencies = (
				41792C9D1FDD60A200B5F83E /* PBXTargetDependency */,
			);
			name = AppTests;
			productName = AppTests;
			productReference = 41792C9B1FDD60A200B5F83E /* AppTests.xctest */;
			productType = "com.apple.product-type.bundle.unit-test";
		};
		41792CA51FDD60A300B5F83E /* AppUITests */ = {
			isa = PBXNativeTarget;
			buildConfigurationList = 41792CB51FDD60A300B5F83E /* Build configuration list for PBXNativeTarget "AppUITests" */;
			buildPhases = (
				41792CA21FDD60A300B5F83E /* Sources */,
				41792CA31FDD60A300B5F83E /* Frameworks */,
				41792CA41FDD60A300B5F83E /* Resources */,
			);
			buildRules = (
			);
			dependencies = (
				41792CA81FDD60A300B5F83E /* PBXTargetDependency */,
			);
			name = AppUITests;
			productName = AppUITests;
			productReference = 41792CA61FDD60A300B5F83E /* AppUITests.xctest */;
			productType = "com.apple.product-type.bundle.ui-testing";
		};
/* End PBXNativeTarget section */

/* Begin PBXProject section */
		41792C7F1FDD60A200B5F83E /* Project object */ = {
			isa = PBXProject;
			attributes = {
				KnownAssetTags = (
					playfulButton,
				);
				LastSwiftUpdateCheck = 0920;
				LastUpgradeCheck = 0920;
				ORGANIZATIONNAME = "Apple Dev Academy";
				TargetAttributes = {
					41792C861FDD60A200B5F83E = {
						CreatedOnToolsVersion = 9.2;
						ProvisioningStyle = Automatic;
					};
					41792C9A1FDD60A200B5F83E = {
						CreatedOnToolsVersion = 9.2;
						ProvisioningStyle = Automatic;
						TestTargetID = 41792C861FDD60A200B5F83E;
					};
					41792CA51FDD60A300B5F83E = {
						CreatedOnToolsVersion = 9.2;
						ProvisioningStyle = Automatic;
						TestTargetID = 41792C861FDD60A200B5F83E;
					};
				};
			};
			buildConfigurationList = 41792C821FDD60A200B5F83E /* Build configuration list for PBXProject "App" */;
			compatibilityVersion = "Xcode 8.0";
			developmentRegion = en;
			hasScannedForEncodings = 0;
			knownRegions = (
				en,
				Base,
				it,
			);
			mainGroup = 41792C7E1FDD60A200B5F83E;
			productRefGroup = 41792C881FDD60A200B5F83E /* Products */;
			projectDirPath = "";
			projectRoot = "";
			targets = (
				41792C861FDD60A200B5F83E /* App */,
				41792C9A1FDD60A200B5F83E /* AppTests */,
				41792CA51FDD60A300B5F83E /* AppUITests */,
			);
		};
/* End PBXProject section */

/* Begin PBXResourcesBuildPhase section */
		41792C851FDD60A200B5F83E /* Resources */ = {
			isa = PBXResourcesBuildPhase;
			buildActionMask = 2147483647;
			files = (
				410BE70D1FDFD18800B26DF2 /* Chat.storyboard in Resources */,
				410BE70A1FDFD0A600B26DF2 /* PeerDisplay.storyboard in Resources */,
				41792C951FDD60A200B5F83E /* LaunchScreen.storyboard in Resources */,
				410BE7191FDFF5E300B26DF2 /* Localizable.strings in Resources */,
				41792C921FDD60A200B5F83E /* Assets.xcassets in Resources */,
				41792C901FDD60A200B5F83E /* Main.storyboard in Resources */,
				410BE7071FDFCFCB00B26DF2 /* Settings.storyboard in Resources */,
			);
			runOnlyForDeploymentPostprocessing = 0;
		};
		41792C991FDD60A200B5F83E /* Resources */ = {
			isa = PBXResourcesBuildPhase;
			buildActionMask = 2147483647;
			files = (
			);
			runOnlyForDeploymentPostprocessing = 0;
		};
		41792CA41FDD60A300B5F83E /* Resources */ = {
			isa = PBXResourcesBuildPhase;
			buildActionMask = 2147483647;
			files = (
			);
			runOnlyForDeploymentPostprocessing = 0;
		};
/* End PBXResourcesBuildPhase section */

/* Begin PBXSourcesBuildPhase section */
		41792C831FDD60A200B5F83E /* Sources */ = {
			isa = PBXSourcesBuildPhase;
			buildActionMask = 2147483647;
			files = (
				41792C8D1FDD60A200B5F83E /* ViewController.swift in Sources */,
				F95E9EC71FDEA767008020C3 /* TableViewController.swift in Sources */,
				41792C8B1FDD60A200B5F83E /* AppDelegate.swift in Sources */,
				F95E9EC31FDEA210008020C3 /* SettingsViewController.swift in Sources */,
				F95E9EC51FDEA210008020C3 /* MapViewController.swift in Sources */,
				F95E9EC41FDEA210008020C3 /* ListViewController.swift in Sources */,
				ED27DA3F1FDFD7E5008830A5 /* RoundImgViewSettings.swift in Sources */,
				41667A1E1FDD8201004A0E99 /* UserProfile.swift in Sources */,
				410BE70F1FDFDBDA00B26DF2 /* ConnectivityViewController.swift in Sources */,
			);
			runOnlyForDeploymentPostprocessing = 0;
		};
		41792C971FDD60A200B5F83E /* Sources */ = {
			isa = PBXSourcesBuildPhase;
			buildActionMask = 2147483647;
			files = (
				41792CA01FDD60A200B5F83E /* AppTests.swift in Sources */,
			);
			runOnlyForDeploymentPostprocessing = 0;
		};
		41792CA21FDD60A300B5F83E /* Sources */ = {
			isa = PBXSourcesBuildPhase;
			buildActionMask = 2147483647;
			files = (
				41792CAB1FDD60A300B5F83E /* AppUITests.swift in Sources */,
			);
			runOnlyForDeploymentPostprocessing = 0;
		};
/* End PBXSourcesBuildPhase section */

/* Begin PBXTargetDependency section */
		41792C9D1FDD60A200B5F83E /* PBXTargetDependency */ = {
			isa = PBXTargetDependency;
			target = 41792C861FDD60A200B5F83E /* App */;
			targetProxy = 41792C9C1FDD60A200B5F83E /* PBXContainerItemProxy */;
		};
		41792CA81FDD60A300B5F83E /* PBXTargetDependency */ = {
			isa = PBXTargetDependency;
			target = 41792C861FDD60A200B5F83E /* App */;
			targetProxy = 41792CA71FDD60A300B5F83E /* PBXContainerItemProxy */;
		};
/* End PBXTargetDependency section */

/* Begin PBXVariantGroup section */
		410BE7051FDFCFCB00B26DF2 /* Settings.storyboard */ = {
			isa = PBXVariantGroup;
			children = (
				410BE7061FDFCFCB00B26DF2 /* Base */,
				410BE7161FDFF5D500B26DF2 /* it */,
			);
			name = Settings.storyboard;
			sourceTree = "<group>";
		};
		410BE7081FDFD0A600B26DF2 /* PeerDisplay.storyboard */ = {
			isa = PBXVariantGroup;
			children = (
				410BE7091FDFD0A600B26DF2 /* Base */,
				410BE7151FDFF5D500B26DF2 /* it */,
			);
			name = PeerDisplay.storyboard;
			sourceTree = "<group>";
		};
		410BE70B1FDFD18800B26DF2 /* Chat.storyboard */ = {
			isa = PBXVariantGroup;
			children = (
				410BE70C1FDFD18800B26DF2 /* Base */,
				410BE7141FDFF5D500B26DF2 /* it */,
			);
			name = Chat.storyboard;
			sourceTree = "<group>";
		};
		410BE71B1FDFF5E300B26DF2 /* Localizable.strings */ = {
			isa = PBXVariantGroup;
			children = (
				410BE71A1FDFF5E300B26DF2 /* en */,
				410BE71C1FDFF5E700B26DF2 /* it */,
			);
			name = Localizable.strings;
			sourceTree = "<group>";
		};
		41792C8E1FDD60A200B5F83E /* Main.storyboard */ = {
			isa = PBXVariantGroup;
			children = (
				41792C8F1FDD60A200B5F83E /* Base */,
				410BE7171FDFF5D500B26DF2 /* it */,
			);
			name = Main.storyboard;
			sourceTree = "<group>";
		};
		41792C931FDD60A200B5F83E /* LaunchScreen.storyboard */ = {
			isa = PBXVariantGroup;
			children = (
				41792C941FDD60A200B5F83E /* Base */,
				410BE7181FDFF5D500B26DF2 /* it */,
			);
			name = LaunchScreen.storyboard;
			sourceTree = "<group>";
		};
/* End PBXVariantGroup section */

/* Begin XCBuildConfiguration section */
		41792CAD1FDD60A300B5F83E /* Debug */ = {
			isa = XCBuildConfiguration;
			buildSettings = {
				ALWAYS_SEARCH_USER_PATHS = NO;
				CLANG_ANALYZER_LOCALIZABILITY_NONLOCALIZED = YES;
				CLANG_ANALYZER_NONNULL = YES;
				CLANG_ANALYZER_NUMBER_OBJECT_CONVERSION = YES_AGGRESSIVE;
				CLANG_CXX_LANGUAGE_STANDARD = "gnu++14";
				CLANG_CXX_LIBRARY = "libc++";
				CLANG_ENABLE_MODULES = YES;
				CLANG_ENABLE_OBJC_ARC = YES;
				CLANG_WARN_BLOCK_CAPTURE_AUTORELEASING = YES;
				CLANG_WARN_BOOL_CONVERSION = YES;
				CLANG_WARN_COMMA = YES;
				CLANG_WARN_CONSTANT_CONVERSION = YES;
				CLANG_WARN_DIRECT_OBJC_ISA_USAGE = YES_ERROR;
				CLANG_WARN_DOCUMENTATION_COMMENTS = YES;
				CLANG_WARN_EMPTY_BODY = YES;
				CLANG_WARN_ENUM_CONVERSION = YES;
				CLANG_WARN_INFINITE_RECURSION = YES;
				CLANG_WARN_INT_CONVERSION = YES;
				CLANG_WARN_NON_LITERAL_NULL_CONVERSION = YES;
				CLANG_WARN_OBJC_LITERAL_CONVERSION = YES;
				CLANG_WARN_OBJC_ROOT_CLASS = YES_ERROR;
				CLANG_WARN_RANGE_LOOP_ANALYSIS = YES;
				CLANG_WARN_STRICT_PROTOTYPES = YES;
				CLANG_WARN_SUSPICIOUS_MOVE = YES;
				CLANG_WARN_UNGUARDED_AVAILABILITY = YES_AGGRESSIVE;
				CLANG_WARN_UNREACHABLE_CODE = YES;
				CLANG_WARN__DUPLICATE_METHOD_MATCH = YES;
				CODE_SIGN_IDENTITY = "iPhone Developer";
				COPY_PHASE_STRIP = NO;
				DEBUG_INFORMATION_FORMAT = dwarf;
				ENABLE_STRICT_OBJC_MSGSEND = YES;
				ENABLE_TESTABILITY = YES;
				GCC_C_LANGUAGE_STANDARD = gnu11;
				GCC_DYNAMIC_NO_PIC = NO;
				GCC_NO_COMMON_BLOCKS = YES;
				GCC_OPTIMIZATION_LEVEL = 0;
				GCC_PREPROCESSOR_DEFINITIONS = (
					"DEBUG=1",
					"$(inherited)",
				);
				GCC_WARN_64_TO_32_BIT_CONVERSION = YES;
				GCC_WARN_ABOUT_RETURN_TYPE = YES_ERROR;
				GCC_WARN_UNDECLARED_SELECTOR = YES;
				GCC_WARN_UNINITIALIZED_AUTOS = YES_AGGRESSIVE;
				GCC_WARN_UNUSED_FUNCTION = YES;
				GCC_WARN_UNUSED_VARIABLE = YES;
				IPHONEOS_DEPLOYMENT_TARGET = 11.2;
				MTL_ENABLE_DEBUG_INFO = YES;
				ONLY_ACTIVE_ARCH = YES;
				SDKROOT = iphoneos;
				SWIFT_ACTIVE_COMPILATION_CONDITIONS = DEBUG;
				SWIFT_OPTIMIZATION_LEVEL = "-Onone";
			};
			name = Debug;
		};
		41792CAE1FDD60A300B5F83E /* Release */ = {
			isa = XCBuildConfiguration;
			buildSettings = {
				ALWAYS_SEARCH_USER_PATHS = NO;
				CLANG_ANALYZER_LOCALIZABILITY_NONLOCALIZED = YES;
				CLANG_ANALYZER_NONNULL = YES;
				CLANG_ANALYZER_NUMBER_OBJECT_CONVERSION = YES_AGGRESSIVE;
				CLANG_CXX_LANGUAGE_STANDARD = "gnu++14";
				CLANG_CXX_LIBRARY = "libc++";
				CLANG_ENABLE_MODULES = YES;
				CLANG_ENABLE_OBJC_ARC = YES;
				CLANG_WARN_BLOCK_CAPTURE_AUTORELEASING = YES;
				CLANG_WARN_BOOL_CONVERSION = YES;
				CLANG_WARN_COMMA = YES;
				CLANG_WARN_CONSTANT_CONVERSION = YES;
				CLANG_WARN_DIRECT_OBJC_ISA_USAGE = YES_ERROR;
				CLANG_WARN_DOCUMENTATION_COMMENTS = YES;
				CLANG_WARN_EMPTY_BODY = YES;
				CLANG_WARN_ENUM_CONVERSION = YES;
				CLANG_WARN_INFINITE_RECURSION = YES;
				CLANG_WARN_INT_CONVERSION = YES;
				CLANG_WARN_NON_LITERAL_NULL_CONVERSION = YES;
				CLANG_WARN_OBJC_LITERAL_CONVERSION = YES;
				CLANG_WARN_OBJC_ROOT_CLASS = YES_ERROR;
				CLANG_WARN_RANGE_LOOP_ANALYSIS = YES;
				CLANG_WARN_STRICT_PROTOTYPES = YES;
				CLANG_WARN_SUSPICIOUS_MOVE = YES;
				CLANG_WARN_UNGUARDED_AVAILABILITY = YES_AGGRESSIVE;
				CLANG_WARN_UNREACHABLE_CODE = YES;
				CLANG_WARN__DUPLICATE_METHOD_MATCH = YES;
				CODE_SIGN_IDENTITY = "iPhone Developer";
				COPY_PHASE_STRIP = NO;
				DEBUG_INFORMATION_FORMAT = "dwarf-with-dsym";
				ENABLE_NS_ASSERTIONS = NO;
				ENABLE_STRICT_OBJC_MSGSEND = YES;
				GCC_C_LANGUAGE_STANDARD = gnu11;
				GCC_NO_COMMON_BLOCKS = YES;
				GCC_WARN_64_TO_32_BIT_CONVERSION = YES;
				GCC_WARN_ABOUT_RETURN_TYPE = YES_ERROR;
				GCC_WARN_UNDECLARED_SELECTOR = YES;
				GCC_WARN_UNINITIALIZED_AUTOS = YES_AGGRESSIVE;
				GCC_WARN_UNUSED_FUNCTION = YES;
				GCC_WARN_UNUSED_VARIABLE = YES;
				IPHONEOS_DEPLOYMENT_TARGET = 11.2;
				MTL_ENABLE_DEBUG_INFO = NO;
				SDKROOT = iphoneos;
				SWIFT_OPTIMIZATION_LEVEL = "-Owholemodule";
				VALIDATE_PRODUCT = YES;
			};
			name = Release;
		};
		41792CB01FDD60A300B5F83E /* Debug */ = {
			isa = XCBuildConfiguration;
			buildSettings = {
				ASSETCATALOG_COMPILER_APPICON_NAME = AppIcon;
				CODE_SIGN_STYLE = Automatic;
				DEVELOPMENT_TEAM = HH88N3P4EZ;
				INFOPLIST_FILE = App/Info.plist;
				IPHONEOS_DEPLOYMENT_TARGET = 11.2;
				LD_RUNPATH_SEARCH_PATHS = "$(inherited) @executable_path/Frameworks";
				PRODUCT_BUNDLE_IDENTIFIER = org.caruso.App;
				PRODUCT_NAME = "$(TARGET_NAME)";
				SWIFT_VERSION = 4.0;
				TARGETED_DEVICE_FAMILY = "1,2";
			};
			name = Debug;
		};
		41792CB11FDD60A300B5F83E /* Release */ = {
			isa = XCBuildConfiguration;
			buildSettings = {
				ASSETCATALOG_COMPILER_APPICON_NAME = AppIcon;
				CODE_SIGN_STYLE = Automatic;
				DEVELOPMENT_TEAM = HH88N3P4EZ;
				INFOPLIST_FILE = App/Info.plist;
				IPHONEOS_DEPLOYMENT_TARGET = 11.2;
				LD_RUNPATH_SEARCH_PATHS = "$(inherited) @executable_path/Frameworks";
				PRODUCT_BUNDLE_IDENTIFIER = org.caruso.App;
				PRODUCT_NAME = "$(TARGET_NAME)";
				SWIFT_VERSION = 4.0;
				TARGETED_DEVICE_FAMILY = "1,2";
			};
			name = Release;
		};
		41792CB31FDD60A300B5F83E /* Debug */ = {
			isa = XCBuildConfiguration;
			buildSettings = {
				ALWAYS_EMBED_SWIFT_STANDARD_LIBRARIES = YES;
				BUNDLE_LOADER = "$(TEST_HOST)";
				CODE_SIGN_STYLE = Automatic;
				DEVELOPMENT_TEAM = HH88N3P4EZ;
				INFOPLIST_FILE = AppTests/Info.plist;
				LD_RUNPATH_SEARCH_PATHS = "$(inherited) @executable_path/Frameworks @loader_path/Frameworks";
				PRODUCT_BUNDLE_IDENTIFIER = org.assis.AppTests;
				PRODUCT_NAME = "$(TARGET_NAME)";
				SWIFT_VERSION = 4.0;
				TARGETED_DEVICE_FAMILY = "1,2";
				TEST_HOST = "$(BUILT_PRODUCTS_DIR)/App.app/App";
			};
			name = Debug;
		};
		41792CB41FDD60A300B5F83E /* Release */ = {
			isa = XCBuildConfiguration;
			buildSettings = {
				ALWAYS_EMBED_SWIFT_STANDARD_LIBRARIES = YES;
				BUNDLE_LOADER = "$(TEST_HOST)";
				CODE_SIGN_STYLE = Automatic;
				DEVELOPMENT_TEAM = HH88N3P4EZ;
				INFOPLIST_FILE = AppTests/Info.plist;
				LD_RUNPATH_SEARCH_PATHS = "$(inherited) @executable_path/Frameworks @loader_path/Frameworks";
				PRODUCT_BUNDLE_IDENTIFIER = org.assis.AppTests;
				PRODUCT_NAME = "$(TARGET_NAME)";
				SWIFT_VERSION = 4.0;
				TARGETED_DEVICE_FAMILY = "1,2";
				TEST_HOST = "$(BUILT_PRODUCTS_DIR)/App.app/App";
			};
			name = Release;
		};
		41792CB61FDD60A300B5F83E /* Debug */ = {
			isa = XCBuildConfiguration;
			buildSettings = {
				ALWAYS_EMBED_SWIFT_STANDARD_LIBRARIES = YES;
				CODE_SIGN_STYLE = Automatic;
				DEVELOPMENT_TEAM = HH88N3P4EZ;
				INFOPLIST_FILE = AppUITests/Info.plist;
				LD_RUNPATH_SEARCH_PATHS = "$(inherited) @executable_path/Frameworks @loader_path/Frameworks";
				PRODUCT_BUNDLE_IDENTIFIER = org.assis.AppUITests;
				PRODUCT_NAME = "$(TARGET_NAME)";
				SWIFT_VERSION = 4.0;
				TARGETED_DEVICE_FAMILY = "1,2";
				TEST_TARGET_NAME = App;
			};
			name = Debug;
		};
		41792CB71FDD60A300B5F83E /* Release */ = {
			isa = XCBuildConfiguration;
			buildSettings = {
				ALWAYS_EMBED_SWIFT_STANDARD_LIBRARIES = YES;
				CODE_SIGN_STYLE = Automatic;
				DEVELOPMENT_TEAM = HH88N3P4EZ;
				INFOPLIST_FILE = AppUITests/Info.plist;
				LD_RUNPATH_SEARCH_PATHS = "$(inherited) @executable_path/Frameworks @loader_path/Frameworks";
				PRODUCT_BUNDLE_IDENTIFIER = org.assis.AppUITests;
				PRODUCT_NAME = "$(TARGET_NAME)";
				SWIFT_VERSION = 4.0;
				TARGETED_DEVICE_FAMILY = "1,2";
				TEST_TARGET_NAME = App;
			};
			name = Release;
		};
/* End XCBuildConfiguration section */

/* Begin XCConfigurationList section */
		41792C821FDD60A200B5F83E /* Build configuration list for PBXProject "App" */ = {
			isa = XCConfigurationList;
			buildConfigurations = (
				41792CAD1FDD60A300B5F83E /* Debug */,
				41792CAE1FDD60A300B5F83E /* Release */,
			);
			defaultConfigurationIsVisible = 0;
			defaultConfigurationName = Release;
		};
		41792CAF1FDD60A300B5F83E /* Build configuration list for PBXNativeTarget "App" */ = {
			isa = XCConfigurationList;
			buildConfigurations = (
				41792CB01FDD60A300B5F83E /* Debug */,
				41792CB11FDD60A300B5F83E /* Release */,
			);
			defaultConfigurationIsVisible = 0;
			defaultConfigurationName = Release;
		};
		41792CB21FDD60A300B5F83E /* Build configuration list for PBXNativeTarget "AppTests" */ = {
			isa = XCConfigurationList;
			buildConfigurations = (
				41792CB31FDD60A300B5F83E /* Debug */,
				41792CB41FDD60A300B5F83E /* Release */,
			);
			defaultConfigurationIsVisible = 0;
			defaultConfigurationName = Release;
		};
		41792CB51FDD60A300B5F83E /* Build configuration list for PBXNativeTarget "AppUITests" */ = {
			isa = XCConfigurationList;
			buildConfigurations = (
				41792CB61FDD60A300B5F83E /* Debug */,
				41792CB71FDD60A300B5F83E /* Release */,
			);
			defaultConfigurationIsVisible = 0;
			defaultConfigurationName = Release;
		};
/* End XCConfigurationList section */
	};
	rootObject = 41792C7F1FDD60A200B5F83E /* Project object */;
}
